
Microsoft Visual Studio Solution File, Format Version 12.00
# Visual Studio 15
VisualStudioVersion = 15.0.28307.102
MinimumVisualStudioVersion = 10.0.40219.1
Project("{FAE04EC0-301F-11D3-BF4B-00C04F79EFBC}") = "Zadacha3", "Zadacha3\Zadacha3.csproj", "{F5954072-1CF5-4B6B-95A1-AA2AF270835C}"
EndProject
Global
	GlobalSection(SolutionConfigurationPlatforms) = preSolution
		Debug|Any CPU = Debug|Any CPU
		Release|Any CPU = Release|Any CPU
	EndGlobalSection
	GlobalSection(ProjectConfigurationPlatforms) = postSolution
		{F5954072-1CF5-4B6B-95A1-AA2AF270835C}.Debug|Any CPU.ActiveCfg = Debug|Any CPU
		{F5954072-1CF5-4B6B-95A1-AA2AF270835C}.Debug|Any CPU.Build.0 = Debug|Any CPU
		{F5954072-1CF5-4B6B-95A1-AA2AF270835C}.Release|Any CPU.ActiveCfg = Release|Any CPU
		{F5954072-1CF5-4B6B-95A1-AA2AF270835C}.Release|Any CPU.Build.0 = Release|Any CPU
	EndGlobalSection
	GlobalSection(SolutionProperties) = preSolution
		HideSolutionNode = FALSE
	EndGlobalSection
	GlobalSection(ExtensibilityGlobals) = postSolution
		SolutionGuid = {F135541A-3039-43D9-A608-D4ED4AA844AD}
	EndGlobalSection
EndGlobal
