
Microsoft Visual Studio Solution File, Format Version 12.00
# Visual Studio 15
VisualStudioVersion = 15.0.28307.102
MinimumVisualStudioVersion = 10.0.40219.1
Project("{FAE04EC0-301F-11D3-BF4B-00C04F79EFBC}") = "Zadacha1", "Zadacha1\Zadacha1.csproj", "{4AB5FADE-87DF-4C99-B826-00D13A5F17E6}"
EndProject
Global
	GlobalSection(SolutionConfigurationPlatforms) = preSolution
		Debug|Any CPU = Debug|Any CPU
		Release|Any CPU = Release|Any CPU
	EndGlobalSection
	GlobalSection(ProjectConfigurationPlatforms) = postSolution
		{4AB5FADE-87DF-4C99-B826-00D13A5F17E6}.Debug|Any CPU.ActiveCfg = Debug|Any CPU
		{4AB5FADE-87DF-4C99-B826-00D13A5F17E6}.Debug|Any CPU.Build.0 = Debug|Any CPU
		{4AB5FADE-87DF-4C99-B826-00D13A5F17E6}.Release|Any CPU.ActiveCfg = Release|Any CPU
		{4AB5FADE-87DF-4C99-B826-00D13A5F17E6}.Release|Any CPU.Build.0 = Release|Any CPU
	EndGlobalSection
	GlobalSection(SolutionProperties) = preSolution
		HideSolutionNode = FALSE
	EndGlobalSection
	GlobalSection(ExtensibilityGlobals) = postSolution
		SolutionGuid = {1CD65D6A-C97A-4CC8-9EF9-4D6BF9940FAA}
	EndGlobalSection
EndGlobal
